// !$*UTF8*$!
{
	archiveVersion = 1;
	classes = {
	};
	objectVersion = 46;
	objects = {

/* Begin PBXBuildFile section */
		D62BD06B1CB29C7F0059FC79 /* AppDelegate.swift in Sources */ = {isa = PBXBuildFile; fileRef = D62BD06A1CB29C7F0059FC79 /* AppDelegate.swift */; };
		D62BD06D1CB29C7F0059FC79 /* ViewController.swift in Sources */ = {isa = PBXBuildFile; fileRef = D62BD06C1CB29C7F0059FC79 /* ViewController.swift */; };
		D62BD0701CB29C7F0059FC79 /* Main.storyboard in Resources */ = {isa = PBXBuildFile; fileRef = D62BD06E1CB29C7F0059FC79 /* Main.storyboard */; };
		D62BD0721CB29C7F0059FC79 /* Assets.xcassets in Resources */ = {isa = PBXBuildFile; fileRef = D62BD0711CB29C7F0059FC79 /* Assets.xcassets */; };
		D62BD0751CB29C7F0059FC79 /* LaunchScreen.storyboard in Resources */ = {isa = PBXBuildFile; fileRef = D62BD0731CB29C7F0059FC79 /* LaunchScreen.storyboard */; };
		D62BD0801CB29C7F0059FC79 /* Safe_CallTests.swift in Sources */ = {isa = PBXBuildFile; fileRef = D62BD07F1CB29C7F0059FC79 /* Safe_CallTests.swift */; };
		D62BD08B1CB29C7F0059FC79 /* Safe_CallUITests.swift in Sources */ = {isa = PBXBuildFile; fileRef = D62BD08A1CB29C7F0059FC79 /* Safe_CallUITests.swift */; };
		D6967ABF1CCE84BA007F3C0C /* CallTableViewController.swift in Sources */ = {isa = PBXBuildFile; fileRef = D6967ABE1CCE84BA007F3C0C /* CallTableViewController.swift */; };
		D6FB886D1CCFDEC500DB864A /* CoreLocation.framework in Frameworks */ = {isa = PBXBuildFile; fileRef = D6FB886C1CCFDEC500DB864A /* CoreLocation.framework */; };
/* End PBXBuildFile section */

/* Begin PBXContainerItemProxy section */
		D62BD07C1CB29C7F0059FC79 /* PBXContainerItemProxy */ = {
			isa = PBXContainerItemProxy;
			containerPortal = D62BD05F1CB29C7F0059FC79 /* Project object */;
			proxyType = 1;
			remoteGlobalIDString = D62BD0661CB29C7F0059FC79;
			remoteInfo = "Safe Call";
		};
		D62BD0871CB29C7F0059FC79 /* PBXContainerItemProxy */ = {
			isa = PBXContainerItemProxy;
			containerPortal = D62BD05F1CB29C7F0059FC79 /* Project object */;
			proxyType = 1;
			remoteGlobalIDString = D62BD0661CB29C7F0059FC79;
			remoteInfo = "Safe Call";
		};
/* End PBXContainerItemProxy section */

/* Begin PBXFileReference section */
		D62BD0671CB29C7F0059FC79 /* Safe Call.app */ = {isa = PBXFileReference; explicitFileType = wrapper.application; includeInIndex = 0; path = "Safe Call.app"; sourceTree = BUILT_PRODUCTS_DIR; };
		D62BD06A1CB29C7F0059FC79 /* AppDelegate.swift */ = {isa = PBXFileReference; lastKnownFileType = sourcecode.swift; path = AppDelegate.swift; sourceTree = "<group>"; };
		D62BD06C1CB29C7F0059FC79 /* ViewController.swift */ = {isa = PBXFileReference; lastKnownFileType = sourcecode.swift; path = ViewController.swift; sourceTree = "<group>"; };
		D62BD06F1CB29C7F0059FC79 /* Base */ = {isa = PBXFileReference; lastKnownFileType = file.storyboard; name = Base; path = Base.lproj/Main.storyboard; sourceTree = "<group>"; };
		D62BD0711CB29C7F0059FC79 /* Assets.xcassets */ = {isa = PBXFileReference; lastKnownFileType = folder.assetcatalog; path = Assets.xcassets; sourceTree = "<group>"; };
		D62BD0741CB29C7F0059FC79 /* Base */ = {isa = PBXFileReference; lastKnownFileType = file.storyboard; name = Base; path = Base.lproj/LaunchScreen.storyboard; sourceTree = "<group>"; };
		D62BD0761CB29C7F0059FC79 /* Info.plist */ = {isa = PBXFileReference; lastKnownFileType = text.plist.xml; path = Info.plist; sourceTree = "<group>"; };
		D62BD07B1CB29C7F0059FC79 /* Safe CallTests.xctest */ = {isa = PBXFileReference; explicitFileType = wrapper.cfbundle; includeInIndex = 0; path = "Safe CallTests.xctest"; sourceTree = BUILT_PRODUCTS_DIR; };
		D62BD07F1CB29C7F0059FC79 /* Safe_CallTests.swift */ = {isa = PBXFileReference; lastKnownFileType = sourcecode.swift; path = Safe_CallTests.swift; sourceTree = "<group>"; };
		D62BD0811CB29C7F0059FC79 /* Info.plist */ = {isa = PBXFileReference; lastKnownFileType = text.plist.xml; path = Info.plist; sourceTree = "<group>"; };
		D62BD0861CB29C7F0059FC79 /* Safe CallUITests.xctest */ = {isa = PBXFileReference; explicitFileType = wrapper.cfbundle; includeInIndex = 0; path = "Safe CallUITests.xctest"; sourceTree = BUILT_PRODUCTS_DIR; };
		D62BD08A1CB29C7F0059FC79 /* Safe_CallUITests.swift */ = {isa = PBXFileReference; lastKnownFileType = sourcecode.swift; path = Safe_CallUITests.swift; sourceTree = "<group>"; };
		D62BD08C1CB29C7F0059FC79 /* Info.plist */ = {isa = PBXFileReference; lastKnownFileType = text.plist.xml; path = Info.plist; sourceTree = "<group>"; };
		D6967ABE1CCE84BA007F3C0C /* CallTableViewController.swift */ = {isa = PBXFileReference; fileEncoding = 4; lastKnownFileType = sourcecode.swift; path = CallTableViewController.swift; sourceTree = "<group>"; };
		D6FB886C1CCFDEC500DB864A /* CoreLocation.framework */ = {isa = PBXFileReference; lastKnownFileType = wrapper.framework; name = CoreLocation.framework; path = System/Library/Frameworks/CoreLocation.framework; sourceTree = SDKROOT; };
/* End PBXFileReference section */

/* Begin PBXFrameworksBuildPhase section */
		D62BD0641CB29C7F0059FC79 /* Frameworks */ = {
			isa = PBXFrameworksBuildPhase;
			buildActionMask = 2147483647;
			files = (
				D6FB886D1CCFDEC500DB864A /* CoreLocation.framework in Frameworks */,
			);
			runOnlyForDeploymentPostprocessing = 0;
		};
		D62BD0781CB29C7F0059FC79 /* Frameworks */ = {
			isa = PBXFrameworksBuildPhase;
			buildActionMask = 2147483647;
			files = (
			);
			runOnlyForDeploymentPostprocessing = 0;
		};
		D62BD0831CB29C7F0059FC79 /* Frameworks */ = {
			isa = PBXFrameworksBuildPhase;
			buildActionMask = 2147483647;
			files = (
			);
			runOnlyForDeploymentPostprocessing = 0;
		};
/* End PBXFrameworksBuildPhase section */

/* Begin PBXGroup section */
		D62BD05E1CB29C7F0059FC79 = {
			isa = PBXGroup;
			children = (
				D6FB886C1CCFDEC500DB864A /* CoreLocation.framework */,
				D62BD0691CB29C7F0059FC79 /* Safe Call */,
				D62BD07E1CB29C7F0059FC79 /* Safe CallTests */,
				D62BD0891CB29C7F0059FC79 /* Safe CallUITests */,
				D62BD0681CB29C7F0059FC79 /* Products */,
			);
			sourceTree = "<group>";
		};
		D62BD0681CB29C7F0059FC79 /* Products */ = {
			isa = PBXGroup;
			children = (
				D62BD0671CB29C7F0059FC79 /* Safe Call.app */,
				D62BD07B1CB29C7F0059FC79 /* Safe CallTests.xctest */,
				D62BD0861CB29C7F0059FC79 /* Safe CallUITests.xctest */,
			);
			name = Products;
			sourceTree = "<group>";
		};
		D62BD0691CB29C7F0059FC79 /* Safe Call */ = {
			isa = PBXGroup;
			children = (
				D62BD06A1CB29C7F0059FC79 /* AppDelegate.swift */,
				D62BD06C1CB29C7F0059FC79 /* ViewController.swift */,
				D6967ABE1CCE84BA007F3C0C /* CallTableViewController.swift */,
				D62BD06E1CB29C7F0059FC79 /* Main.storyboard */,
				D62BD0711CB29C7F0059FC79 /* Assets.xcassets */,
				D62BD0731CB29C7F0059FC79 /* LaunchScreen.storyboard */,
				D62BD0761CB29C7F0059FC79 /* Info.plist */,
			);
			path = "Safe Call";
			sourceTree = "<group>";
		};
		D62BD07E1CB29C7F0059FC79 /* Safe CallTests */ = {
			isa = PBXGroup;
			children = (
				D62BD07F1CB29C7F0059FC79 /* Safe_CallTests.swift */,
				D62BD0811CB29C7F0059FC79 /* Info.plist */,
			);
			path = "Safe CallTests";
			sourceTree = "<group>";
		};
		D62BD0891CB29C7F0059FC79 /* Safe CallUITests */ = {
			isa = PBXGroup;
			children = (
				D62BD08A1CB29C7F0059FC79 /* Safe_CallUITests.swift */,
				D62BD08C1CB29C7F0059FC79 /* Info.plist */,
			);
			path = "Safe CallUITests";
			sourceTree = "<group>";
		};
/* End PBXGroup section */

/* Begin PBXNativeTarget section */
		D62BD0661CB29C7F0059FC79 /* Safe Call */ = {
			isa = PBXNativeTarget;
			buildConfigurationList = D62BD08F1CB29C7F0059FC79 /* Build configuration list for PBXNativeTarget "Safe Call" */;
			buildPhases = (
				D62BD0631CB29C7F0059FC79 /* Sources */,
				D62BD0641CB29C7F0059FC79 /* Frameworks */,
				D62BD0651CB29C7F0059FC79 /* Resources */,
			);
			buildRules = (
			);
			dependencies = (
			);
			name = "Safe Call";
			productName = "Safe Call";
			productReference = D62BD0671CB29C7F0059FC79 /* Safe Call.app */;
			productType = "com.apple.product-type.application";
		};
		D62BD07A1CB29C7F0059FC79 /* Safe CallTests */ = {
			isa = PBXNativeTarget;
			buildConfigurationList = D62BD0921CB29C7F0059FC79 /* Build configuration list for PBXNativeTarget "Safe CallTests" */;
			buildPhases = (
				D62BD0771CB29C7F0059FC79 /* Sources */,
				D62BD0781CB29C7F0059FC79 /* Frameworks */,
				D62BD0791CB29C7F0059FC79 /* Resources */,
			);
			buildRules = (
			);
			dependencies = (
				D62BD07D1CB29C7F0059FC79 /* PBXTargetDependency */,
			);
			name = "Safe CallTests";
			productName = "Safe CallTests";
			productReference = D62BD07B1CB29C7F0059FC79 /* Safe CallTests.xctest */;
			productType = "com.apple.product-type.bundle.unit-test";
		};
		D62BD0851CB29C7F0059FC79 /* Safe CallUITests */ = {
			isa = PBXNativeTarget;
			buildConfigurationList = D62BD0951CB29C7F0059FC79 /* Build configuration list for PBXNativeTarget "Safe CallUITests" */;
			buildPhases = (
				D62BD0821CB29C7F0059FC79 /* Sources */,
				D62BD0831CB29C7F0059FC79 /* Frameworks */,
				D62BD0841CB29C7F0059FC79 /* Resources */,
			);
			buildRules = (
			);
			dependencies = (
				D62BD0881CB29C7F0059FC79 /* PBXTargetDependency */,
			);
			name = "Safe CallUITests";
			productName = "Safe CallUITests";
			productReference = D62BD0861CB29C7F0059FC79 /* Safe CallUITests.xctest */;
			productType = "com.apple.product-type.bundle.ui-testing";
		};
/* End PBXNativeTarget section */

/* Begin PBXProject section */
		D62BD05F1CB29C7F0059FC79 /* Project object */ = {
			isa = PBXProject;
			attributes = {
				LastSwiftUpdateCheck = 0730;
				LastUpgradeCheck = 0730;
				ORGANIZATIONNAME = "Antoine Simon";
				TargetAttributes = {
					D62BD0661CB29C7F0059FC79 = {
						CreatedOnToolsVersion = 7.3;
						DevelopmentTeam = 43N6QXKADX;
						SystemCapabilities = {
							com.apple.InAppPurchase = {
								enabled = 0;
							};
						};
					};
					D62BD07A1CB29C7F0059FC79 = {
						CreatedOnToolsVersion = 7.3;
						TestTargetID = D62BD0661CB29C7F0059FC79;
					};
					D62BD0851CB29C7F0059FC79 = {
						CreatedOnToolsVersion = 7.3;
						TestTargetID = D62BD0661CB29C7F0059FC79;
					};
				};
			};
			buildConfigurationList = D62BD0621CB29C7F0059FC79 /* Build configuration list for PBXProject "Safe Call" */;
			compatibilityVersion = "Xcode 3.2";
			developmentRegion = English;
			hasScannedForEncodings = 0;
			knownRegions = (
				en,
				Base,
			);
			mainGroup = D62BD05E1CB29C7F0059FC79;
			productRefGroup = D62BD0681CB29C7F0059FC79 /* Products */;
			projectDirPath = "";
			projectRoot = "";
			targets = (
				D62BD0661CB29C7F0059FC79 /* Safe Call */,
				D62BD07A1CB29C7F0059FC79 /* Safe CallTests */,
				D62BD0851CB29C7F0059FC79 /* Safe CallUITests */,
			);
		};
/* End PBXProject section */

/* Begin PBXResourcesBuildPhase section */
		D62BD0651CB29C7F0059FC79 /* Resources */ = {
			isa = PBXResourcesBuildPhase;
			buildActionMask = 2147483647;
			files = (
				D62BD0751CB29C7F0059FC79 /* LaunchScreen.storyboard in Resources */,
				D62BD0721CB29C7F0059FC79 /* Assets.xcassets in Resources */,
				D62BD0701CB29C7F0059FC79 /* Main.storyboard in Resources */,
			);
			runOnlyForDeploymentPostprocessing = 0;
		};
		D62BD0791CB29C7F0059FC79 /* Resources */ = {
			isa = PBXResourcesBuildPhase;
			buildActionMask = 2147483647;
			files = (
			);
			runOnlyForDeploymentPostprocessing = 0;
		};
		D62BD0841CB29C7F0059FC79 /* Resources */ = {
			isa = PBXResourcesBuildPhase;
			buildActionMask = 2147483647;
			files = (
			);
			runOnlyForDeploymentPostprocessing = 0;
		};
/* End PBXResourcesBuildPhase section */

/* Begin PBXSourcesBuildPhase section */
		D62BD0631CB29C7F0059FC79 /* Sources */ = {
			isa = PBXSourcesBuildPhase;
			buildActionMask = 2147483647;
			files = (
				D62BD06D1CB29C7F0059FC79 /* ViewController.swift in Sources */,
				D6967ABF1CCE84BA007F3C0C /* CallTableViewController.swift in Sources */,
				D62BD06B1CB29C7F0059FC79 /* AppDelegate.swift in Sources */,
			);
			runOnlyForDeploymentPostprocessing = 0;
		};
		D62BD0771CB29C7F0059FC79 /* Sources */ = {
			isa = PBXSourcesBuildPhase;
			buildActionMask = 2147483647;
			files = (
				D62BD0801CB29C7F0059FC79 /* Safe_CallTests.swift in Sources */,
			);
			runOnlyForDeploymentPostprocessing = 0;
		};
		D62BD0821CB29C7F0059FC79 /* Sources */ = {
			isa = PBXSourcesBuildPhase;
			buildActionMask = 2147483647;
			files = (
				D62BD08B1CB29C7F0059FC79 /* Safe_CallUITests.swift in Sources */,
			);
			runOnlyForDeploymentPostprocessing = 0;
		};
/* End PBXSourcesBuildPhase section */

/* Begin PBXTargetDependency section */
		D62BD07D1CB29C7F0059FC79 /* PBXTargetDependency */ = {
			isa = PBXTargetDependency;
			target = D62BD0661CB29C7F0059FC79 /* Safe Call */;
			targetProxy = D62BD07C1CB29C7F0059FC79 /* PBXContainerItemProxy */;
		};
		D62BD0881CB29C7F0059FC79 /* PBXTargetDependency */ = {
			isa = PBXTargetDependency;
			target = D62BD0661CB29C7F0059FC79 /* Safe Call */;
			targetProxy = D62BD0871CB29C7F0059FC79 /* PBXContainerItemProxy */;
		};
/* End PBXTargetDependency section */

/* Begin PBXVariantGroup section */
		D62BD06E1CB29C7F0059FC79 /* Main.storyboard */ = {
			isa = PBXVariantGroup;
			children = (
				D62BD06F1CB29C7F0059FC79 /* Base */,
			);
			name = Main.storyboard;
			sourceTree = "<group>";
		};
		D62BD0731CB29C7F0059FC79 /* LaunchScreen.storyboard */ = {
			isa = PBXVariantGroup;
			children = (
				D62BD0741CB29C7F0059FC79 /* Base */,
			);
			name = LaunchScreen.storyboard;
			sourceTree = "<group>";
		};
/* End PBXVariantGroup section */

/* Begin XCBuildConfiguration section */
		D62BD08D1CB29C7F0059FC79 /* Debug */ = {
			isa = XCBuildConfiguration;
			buildSettings = {
				ALWAYS_SEARCH_USER_PATHS = NO;
				CLANG_ANALYZER_NONNULL = YES;
				CLANG_CXX_LANGUAGE_STANDARD = "gnu++0x";
				CLANG_CXX_LIBRARY = "libc++";
				CLANG_ENABLE_MODULES = YES;
				CLANG_ENABLE_OBJC_ARC = YES;
				CLANG_WARN_BOOL_CONVERSION = YES;
				CLANG_WARN_CONSTANT_CONVERSION = YES;
				CLANG_WARN_DIRECT_OBJC_ISA_USAGE = YES_ERROR;
				CLANG_WARN_EMPTY_BODY = YES;
				CLANG_WARN_ENUM_CONVERSION = YES;
				CLANG_WARN_INT_CONVERSION = YES;
				CLANG_WARN_OBJC_ROOT_CLASS = YES_ERROR;
				CLANG_WARN_UNREACHABLE_CODE = YES;
				CLANG_WARN__DUPLICATE_METHOD_MATCH = YES;
				"CODE_SIGN_IDENTITY[sdk=iphoneos*]" = "iPhone Developer";
				COPY_PHASE_STRIP = NO;
				DEBUG_INFORMATION_FORMAT = dwarf;
				ENABLE_STRICT_OBJC_MSGSEND = YES;
				ENABLE_TESTABILITY = YES;
				GCC_C_LANGUAGE_STANDARD = gnu99;
				GCC_DYNAMIC_NO_PIC = NO;
				GCC_NO_COMMON_BLOCKS = YES;
				GCC_OPTIMIZATION_LEVEL = 0;
				GCC_PREPROCESSOR_DEFINITIONS = (
					"DEBUG=1",
					"$(inherited)",
				);
				GCC_WARN_64_TO_32_BIT_CONVERSION = YES;
				GCC_WARN_ABOUT_RETURN_TYPE = YES_ERROR;
				GCC_WARN_UNDECLARED_SELECTOR = YES;
				GCC_WARN_UNINITIALIZED_AUTOS = YES_AGGRESSIVE;
				GCC_WARN_UNUSED_FUNCTION = YES;
				GCC_WARN_UNUSED_VARIABLE = YES;
				IPHONEOS_DEPLOYMENT_TARGET = 9.3;
				MTL_ENABLE_DEBUG_INFO = YES;
				ONLY_ACTIVE_ARCH = YES;
				SDKROOT = iphoneos;
				SWIFT_OPTIMIZATION_LEVEL = "-Onone";
				TARGETED_DEVICE_FAMILY = "1,2";
			};
			name = Debug;
		};
		D62BD08E1CB29C7F0059FC79 /* Release */ = {
			isa = XCBuildConfiguration;
			buildSettings = {
				ALWAYS_SEARCH_USER_PATHS = NO;
				CLANG_ANALYZER_NONNULL = YES;
				CLANG_CXX_LANGUAGE_STANDARD = "gnu++0x";
				CLANG_CXX_LIBRARY = "libc++";
				CLANG_ENABLE_MODULES = YES;
				CLANG_ENABLE_OBJC_ARC = YES;
				CLANG_WARN_BOOL_CONVERSION = YES;
				CLANG_WARN_CONSTANT_CONVERSION = YES;
				CLANG_WARN_DIRECT_OBJC_ISA_USAGE = YES_ERROR;
				CLANG_WARN_EMPTY_BODY = YES;
				CLANG_WARN_ENUM_CONVERSION = YES;
				CLANG_WARN_INT_CONVERSION = YES;
				CLANG_WARN_OBJC_ROOT_CLASS = YES_ERROR;
				CLANG_WARN_UNREACHABLE_CODE = YES;
				CLANG_WARN__DUPLICATE_METHOD_MATCH = YES;
				"CODE_SIGN_IDENTITY[sdk=iphoneos*]" = "iPhone Developer";
				COPY_PHASE_STRIP = NO;
				DEBUG_INFORMATION_FORMAT = "dwarf-with-dsym";
				ENABLE_NS_ASSERTIONS = NO;
				ENABLE_STRICT_OBJC_MSGSEND = YES;
				GCC_C_LANGUAGE_STANDARD = gnu99;
				GCC_NO_COMMON_BLOCKS = YES;
				GCC_WARN_64_TO_32_BIT_CONVERSION = YES;
				GCC_WARN_ABOUT_RETURN_TYPE = YES_ERROR;
				GCC_WARN_UNDECLARED_SELECTOR = YES;
				GCC_WARN_UNINITIALIZED_AUTOS = YES_AGGRESSIVE;
				GCC_WARN_UNUSED_FUNCTION = YES;
				GCC_WARN_UNUSED_VARIABLE = YES;
				IPHONEOS_DEPLOYMENT_TARGET = 9.3;
				MTL_ENABLE_DEBUG_INFO = NO;
				SDKROOT = iphoneos;
				TARGETED_DEVICE_FAMILY = "1,2";
				VALIDATE_PRODUCT = YES;
			};
			name = Release;
		};
		D62BD0901CB29C7F0059FC79 /* Debug */ = {
			isa = XCBuildConfiguration;
			buildSettings = {
				ASSETCATALOG_COMPILER_APPICON_NAME = AppIcon;
				CODE_SIGN_IDENTITY = "iPhone Developer";
				INFOPLIST_FILE = "Safe Call/Info.plist";
				LD_RUNPATH_SEARCH_PATHS = "$(inherited) @executable_path/Frameworks";
				PRODUCT_BUNDLE_IDENTIFIER = "Safe.Safe-Call";
				PRODUCT_NAME = "$(TARGET_NAME)";
			};
			name = Debug;
		};
		D62BD0911CB29C7F0059FC79 /* Release */ = {
			isa = XCBuildConfiguration;
			buildSettings = {
				ASSETCATALOG_COMPILER_APPICON_NAME = AppIcon;
				CODE_SIGN_IDENTITY = "iPhone Developer";
				INFOPLIST_FILE = "Safe Call/Info.plist";
				LD_RUNPATH_SEARCH_PATHS = "$(inherited) @executable_path/Frameworks";
				PRODUCT_BUNDLE_IDENTIFIER = "Safe.Safe-Call";
				PRODUCT_NAME = "$(TARGET_NAME)";
			};
			name = Release;
		};
		D62BD0931CB29C7F0059FC79 /* Debug */ = {
			isa = XCBuildConfiguration;
			buildSettings = {
				BUNDLE_LOADER = "$(TEST_HOST)";
				INFOPLIST_FILE = "Safe CallTests/Info.plist";
				LD_RUNPATH_SEARCH_PATHS = "$(inherited) @executable_path/Frameworks @loader_path/Frameworks";
				PRODUCT_BUNDLE_IDENTIFIER = "Safe.Safe-CallTests";
				PRODUCT_NAME = "$(TARGET_NAME)";
				TEST_HOST = "$(BUILT_PRODUCTS_DIR)/Safe Call.app/Safe Call";
			};
			name = Debug;
		};
		D62BD0941CB29C7F0059FC79 /* Release */ = {
			isa = XCBuildConfiguration;
			buildSettings = {
				BUNDLE_LOADER = "$(TEST_HOST)";
				INFOPLIST_FILE = "Safe CallTests/Info.plist";
				LD_RUNPATH_SEARCH_PATHS = "$(inherited) @executable_path/Frameworks @loader_path/Frameworks";
				PRODUCT_BUNDLE_IDENTIFIER = "Safe.Safe-CallTests";
				PRODUCT_NAME = "$(TARGET_NAME)";
				TEST_HOST = "$(BUILT_PRODUCTS_DIR)/Safe Call.app/Safe Call";
			};
			name = Release;
		};
		D62BD0961CB29C7F0059FC79 /* Debug */ = {
			isa = XCBuildConfiguration;
			buildSettings = {
				INFOPLIST_FILE = "Safe CallUITests/Info.plist";
				LD_RUNPATH_SEARCH_PATHS = "$(inherited) @executable_path/Frameworks @loader_path/Frameworks";
				PRODUCT_BUNDLE_IDENTIFIER = "Safe.Safe-CallUITests";
				PRODUCT_NAME = "$(TARGET_NAME)";
				TEST_TARGET_NAME = "Safe Call";
			};
			name = Debug;
		};
		D62BD0971CB29C7F0059FC79 /* Release */ = {
			isa = XCBuildConfiguration;
			buildSettings = {
				INFOPLIST_FILE = "Safe CallUITests/Info.plist";
				LD_RUNPATH_SEARCH_PATHS = "$(inherited) @executable_path/Frameworks @loader_path/Frameworks";
				PRODUCT_BUNDLE_IDENTIFIER = "Safe.Safe-CallUITests";
				PRODUCT_NAME = "$(TARGET_NAME)";
				TEST_TARGET_NAME = "Safe Call";
			};
			name = Release;
		};
/* End XCBuildConfiguration section */

/* Begin XCConfigurationList section */
		D62BD0621CB29C7F0059FC79 /* Build configuration list for PBXProject "Safe Call" */ = {
			isa = XCConfigurationList;
			buildConfigurations = (
				D62BD08D1CB29C7F0059FC79 /* Debug */,
				D62BD08E1CB29C7F0059FC79 /* Release */,
			);
			defaultConfigurationIsVisible = 0;
			defaultConfigurationName = Release;
		};
		D62BD08F1CB29C7F0059FC79 /* Build configuration list for PBXNativeTarget "Safe Call" */ = {
			isa = XCConfigurationList;
			buildConfigurations = (
				D62BD0901CB29C7F0059FC79 /* Debug */,
				D62BD0911CB29C7F0059FC79 /* Release */,
			);
			defaultConfigurationIsVisible = 0;
			defaultConfigurationName = Release;
		};
		D62BD0921CB29C7F0059FC79 /* Build configuration list for PBXNativeTarget "Safe CallTests" */ = {
			isa = XCConfigurationList;
			buildConfigurations = (
				D62BD0931CB29C7F0059FC79 /* Debug */,
				D62BD0941CB29C7F0059FC79 /* Release */,
			);
			defaultConfigurationIsVisible = 0;
			defaultConfigurationName = Release;
		};
		D62BD0951CB29C7F0059FC79 /* Build configuration list for PBXNativeTarget "Safe CallUITests" */ = {
			isa = XCConfigurationList;
			buildConfigurations = (
				D62BD0961CB29C7F0059FC79 /* Debug */,
				D62BD0971CB29C7F0059FC79 /* Release */,
			);
			defaultConfigurationIsVisible = 0;
			defaultConfigurationName = Release;
		};
/* End XCConfigurationList section */
	};
	rootObject = D62BD05F1CB29C7F0059FC79 /* Project object */;
}
